
Microsoft Visual Studio Solution File, Format Version 12.00
# Visual Studio 14
VisualStudioVersion = 14.0.24720.0
MinimumVisualStudioVersion = 10.0.40219.1
Project("{FAE04EC0-301F-11D3-BF4B-00C04F79EFBC}") = "Tree", "Tree\Tree.csproj", "{848CF372-6D62-4AF2-B080-C62462C82F76}"
EndProject
Project("{FAE04EC0-301F-11D3-BF4B-00C04F79EFBC}") = "Tree.Tests", "Tree.Tests\Tree.Tests.csproj", "{E67D15EE-8C70-47B7-9FFB-C9133B512799}"
EndProject
Global
	GlobalSection(SolutionConfigurationPlatforms) = preSolution
		Debug|Any CPU = Debug|Any CPU
		Release|Any CPU = Release|Any CPU
	EndGlobalSection
	GlobalSection(ProjectConfigurationPlatforms) = postSolution
		{848CF372-6D62-4AF2-B080-C62462C82F76}.Debug|Any CPU.ActiveCfg = Debug|Any CPU
		{848CF372-6D62-4AF2-B080-C62462C82F76}.Debug|Any CPU.Build.0 = Debug|Any CPU
		{848CF372-6D62-4AF2-B080-C62462C82F76}.Release|Any CPU.ActiveCfg = Release|Any CPU
		{848CF372-6D62-4AF2-B080-C62462C82F76}.Release|Any CPU.Build.0 = Release|Any CPU
		{E67D15EE-8C70-47B7-9FFB-C9133B512799}.Debug|Any CPU.ActiveCfg = Debug|Any CPU
		{E67D15EE-8C70-47B7-9FFB-C9133B512799}.Debug|Any CPU.Build.0 = Debug|Any CPU
		{E67D15EE-8C70-47B7-9FFB-C9133B512799}.Release|Any CPU.ActiveCfg = Release|Any CPU
		{E67D15EE-8C70-47B7-9FFB-C9133B512799}.Release|Any CPU.Build.0 = Release|Any CPU
	EndGlobalSection
	GlobalSection(SolutionProperties) = preSolution
		HideSolutionNode = FALSE
	EndGlobalSection
EndGlobal
